// !$*UTF8*$!
{
	archiveVersion = 1;
	classes = {
	};
	objectVersion = 56;
	objects = {

/* Begin PBXBuildFile section */
		E91234560001 /* TimeAnnouncerApp.swift in Sources */ = {isa = PBXBuildFile; fileRef = E91234550001 /* TimeAnnouncerApp.swift */; };
		E91234560002 /* TimeAnnouncer.swift in Sources */ = {isa = PBXBuildFile; fileRef = E91234550002 /* TimeAnnouncer.swift */; };
		E91234560003 /* SettingsManager.swift in Sources */ = {isa = PBXBuildFile; fileRef = E91234550003 /* SettingsManager.swift */; };
		E91234560004 /* KeychainHelper.swift in Sources */ = {isa = PBXBuildFile; fileRef = E91234550006 /* KeychainHelper.swift */; };
		E91234560005 /* ElevenLabsClient.swift in Sources */ = {isa = PBXBuildFile; fileRef = E91234550007 /* ElevenLabsClient.swift */; };
		E91234560006 /* KokoroClient.swift in Sources */ = {isa = PBXBuildFile; fileRef = E91234550008 /* KokoroClient.swift */; };
		E91234560007 /* KokoroSynth.py in Resources */ = {isa = PBXBuildFile; fileRef = E91234550009 /* KokoroSynth.py */; };
		E91234560008 /* TimeAnnouncementSchedule.swift in Sources */ = {isa = PBXBuildFile; fileRef = E9123455000A /* TimeAnnouncementSchedule.swift */; };
		E91234560009 /* TimeAnnouncementScheduleTests.swift in Sources */ = {isa = PBXBuildFile; fileRef = E9123455000B /* TimeAnnouncementScheduleTests.swift */; };
		E9123456000A /* SettingsManagerTests.swift in Sources */ = {isa = PBXBuildFile; fileRef = E9123455000D /* SettingsManagerTests.swift */; };
		E9123456000B /* Assets.xcassets in Resources */ = {isa = PBXBuildFile; fileRef = E9123455000E /* Assets.xcassets */; };
/* End PBXBuildFile section */

/* Begin PBXContainerItemProxy section */
		E91234540001 /* PBXContainerItemProxy */ = {
			isa = PBXContainerItemProxy;
			containerPortal = E912345D0001 /* Project object */;
			proxyType = 1;
			remoteGlobalIDString = E91234590001;
			remoteInfo = TimeAnnouncer;
		};
/* End PBXContainerItemProxy section */

/* Begin PBXFileReference section */
		E91234550001 /* TimeAnnouncerApp.swift */ = {isa = PBXFileReference; lastKnownFileType = sourcecode.swift; path = TimeAnnouncerApp.swift; sourceTree = "<group>"; };
		E91234550002 /* TimeAnnouncer.swift */ = {isa = PBXFileReference; lastKnownFileType = sourcecode.swift; path = TimeAnnouncer.swift; sourceTree = "<group>"; };
		E91234550003 /* SettingsManager.swift */ = {isa = PBXFileReference; lastKnownFileType = sourcecode.swift; path = SettingsManager.swift; sourceTree = "<group>"; };
		E91234550004 /* Info.plist */ = {isa = PBXFileReference; lastKnownFileType = text.plist.xml; path = Info.plist; sourceTree = "<group>"; };
		E91234550005 /* TimeAnnouncer.app */ = {isa = PBXFileReference; explicitFileType = wrapper.application; includeInIndex = 0; path = TimeAnnouncer.app; sourceTree = BUILT_PRODUCTS_DIR; };
		E91234550006 /* KeychainHelper.swift */ = {isa = PBXFileReference; lastKnownFileType = sourcecode.swift; path = KeychainHelper.swift; sourceTree = "<group>"; };
		E91234550007 /* ElevenLabsClient.swift */ = {isa = PBXFileReference; lastKnownFileType = sourcecode.swift; path = ElevenLabsClient.swift; sourceTree = "<group>"; };
		E91234550008 /* KokoroClient.swift */ = {isa = PBXFileReference; lastKnownFileType = sourcecode.swift; path = KokoroClient.swift; sourceTree = "<group>"; };
		E91234550009 /* KokoroSynth.py */ = {isa = PBXFileReference; lastKnownFileType = text.script.python; path = KokoroSynth.py; sourceTree = "<group>"; };
		E9123455000A /* TimeAnnouncementSchedule.swift */ = {isa = PBXFileReference; lastKnownFileType = sourcecode.swift; path = TimeAnnouncementSchedule.swift; sourceTree = "<group>"; };
		E9123455000B /* TimeAnnouncementScheduleTests.swift */ = {isa = PBXFileReference; lastKnownFileType = sourcecode.swift; path = TimeAnnouncementScheduleTests.swift; sourceTree = "<group>"; };
		E9123455000C /* TimeAnnouncerTests.xctest */ = {isa = PBXFileReference; explicitFileType = wrapper.cfbundle; includeInIndex = 0; path = TimeAnnouncerTests.xctest; sourceTree = BUILT_PRODUCTS_DIR; };
		E9123455000D /* SettingsManagerTests.swift */ = {isa = PBXFileReference; lastKnownFileType = sourcecode.swift; path = SettingsManagerTests.swift; sourceTree = "<group>"; };
		E9123455000E /* Assets.xcassets */ = {isa = PBXFileReference; lastKnownFileType = folder.assetcatalog; path = Assets.xcassets; sourceTree = "<group>"; };
/* End PBXFileReference section */

/* Begin PBXFrameworksBuildPhase section */
		E91234570001 /* Frameworks */ = {
			isa = PBXFrameworksBuildPhase;
			buildActionMask = 2147483647;
			files = (
			);
			runOnlyForDeploymentPostprocessing = 0;
		};
		E91234570002 /* Frameworks */ = {
			isa = PBXFrameworksBuildPhase;
			buildActionMask = 2147483647;
			files = (
			);
			runOnlyForDeploymentPostprocessing = 0;
		};
/* End PBXFrameworksBuildPhase section */

/* Begin PBXGroup section */
		E91234580001 = {
			isa = PBXGroup;
			children = (
				E91234580002 /* TimeAnnouncer */,
				E91234580004 /* TimeAnnouncerTests */,
				E91234580003 /* Products */,
			);
			sourceTree = "<group>";
		};
		E91234580002 /* TimeAnnouncer */ = {
			isa = PBXGroup;
			children = (
				E91234550001 /* TimeAnnouncerApp.swift */,
				E91234550002 /* TimeAnnouncer.swift */,
				E91234550003 /* SettingsManager.swift */,
				E91234550006 /* KeychainHelper.swift */,
				E91234550007 /* ElevenLabsClient.swift */,
				E91234550008 /* KokoroClient.swift */,
				E91234550009 /* KokoroSynth.py */,
				E9123455000A /* TimeAnnouncementSchedule.swift */,
				E9123455000E /* Assets.xcassets */,
				E91234550004 /* Info.plist */,
			);
			path = TimeAnnouncer;
			sourceTree = "<group>";
		};
		E91234580003 /* Products */ = {
			isa = PBXGroup;
			children = (
				E91234550005 /* TimeAnnouncer.app */,
				E9123455000C /* TimeAnnouncerTests.xctest */,
			);
			name = Products;
			sourceTree = "<group>";
		};
		E91234580004 /* TimeAnnouncerTests */ = {
			isa = PBXGroup;
			children = (
				E9123455000B /* TimeAnnouncementScheduleTests.swift */,
				E9123455000D /* SettingsManagerTests.swift */,
			);
			path = TimeAnnouncerTests;
			sourceTree = "<group>";
		};
/* End PBXGroup section */

/* Begin PBXNativeTarget section */
		E91234590001 /* TimeAnnouncer */ = {
			isa = PBXNativeTarget;
			buildConfigurationList = E912345A0001 /* Build configuration list for PBXNativeTarget "TimeAnnouncer" */;
			buildPhases = (
				E912345B0001 /* Sources */,
				E91234570001 /* Frameworks */,
				E912345C0001 /* Resources */,
			);
			buildRules = (
			);
			dependencies = (
			);
			name = TimeAnnouncer;
			productName = TimeAnnouncer;
			productReference = E91234550005 /* TimeAnnouncer.app */;
			productType = "com.apple.product-type.application";
		};
		E91234590002 /* TimeAnnouncerTests */ = {
			isa = PBXNativeTarget;
			buildConfigurationList = E912345A0002 /* Build configuration list for PBXNativeTarget "TimeAnnouncerTests" */;
			buildPhases = (
				E912345B0002 /* Sources */,
				E91234570002 /* Frameworks */,
				E912345C0002 /* Resources */,
			);
			buildRules = (
			);
			dependencies = (
				E91234530001 /* PBXTargetDependency */,
			);
			name = TimeAnnouncerTests;
			productName = TimeAnnouncerTests;
			productReference = E9123455000C /* TimeAnnouncerTests.xctest */;
			productType = "com.apple.product-type.bundle.unit-test";
		};
/* End PBXNativeTarget section */

/* Begin PBXProject section */
		E912345D0001 /* Project object */ = {
			isa = PBXProject;
			attributes = {
				BuildIndependentTargetsInParallel = 1;
				LastSwiftUpdateCheck = 1500;
				LastUpgradeCheck = 1500;
				TargetAttributes = {
					E91234590001 = {
						CreatedOnToolsVersion = 15.0;
					};
					E91234590002 = {
						CreatedOnToolsVersion = 15.0;
						TestTargetID = E91234590001;
					};
				};
			};
			buildConfigurationList = E912345E0001 /* Build configuration list for PBXProject "TimeAnnouncer" */;
			compatibilityVersion = "Xcode 14.0";
			developmentRegion = en;
			hasScannedForEncodings = 0;
			knownRegions = (
				en,
				Base,
			);
			mainGroup = E91234580001;
			productRefGroup = E91234580003 /* Products */;
			projectDirPath = "";
			projectRoot = "";
			targets = (
				E91234590001 /* TimeAnnouncer */,
				E91234590002 /* TimeAnnouncerTests */,
			);
		};
/* End PBXProject section */

/* Begin PBXResourcesBuildPhase section */
		E912345C0001 /* Resources */ = {
			isa = PBXResourcesBuildPhase;
			buildActionMask = 2147483647;
			files = (
				E91234560007 /* KokoroSynth.py in Resources */,
				E9123456000B /* Assets.xcassets in Resources */,
			);
			runOnlyForDeploymentPostprocessing = 0;
		};
		E912345C0002 /* Resources */ = {
			isa = PBXResourcesBuildPhase;
			buildActionMask = 2147483647;
			files = (
			);
			runOnlyForDeploymentPostprocessing = 0;
		};
/* End PBXResourcesBuildPhase section */

/* Begin PBXSourcesBuildPhase section */
		E912345B0001 /* Sources */ = {
			isa = PBXSourcesBuildPhase;
			buildActionMask = 2147483647;
			files = (
				E91234560001 /* TimeAnnouncerApp.swift in Sources */,
				E91234560002 /* TimeAnnouncer.swift in Sources */,
				E91234560003 /* SettingsManager.swift in Sources */,
				E91234560004 /* KeychainHelper.swift in Sources */,
				E91234560005 /* ElevenLabsClient.swift in Sources */,
				E91234560006 /* KokoroClient.swift in Sources */,
				E91234560008 /* TimeAnnouncementSchedule.swift in Sources */,
			);
			runOnlyForDeploymentPostprocessing = 0;
		};
		E912345B0002 /* Sources */ = {
			isa = PBXSourcesBuildPhase;
			buildActionMask = 2147483647;
			files = (
				E91234560009 /* TimeAnnouncementScheduleTests.swift in Sources */,
				E9123456000A /* SettingsManagerTests.swift in Sources */,
			);
			runOnlyForDeploymentPostprocessing = 0;
		};
/* End PBXSourcesBuildPhase section */

/* Begin PBXTargetDependency section */
		E91234530001 /* PBXTargetDependency */ = {
			isa = PBXTargetDependency;
			target = E91234590001 /* TimeAnnouncer */;
			targetProxy = E91234540001 /* PBXContainerItemProxy */;
		};
/* End PBXTargetDependency section */

/* Begin XCBuildConfiguration section */
		E912345F0001 /* Debug */ = {
			isa = XCBuildConfiguration;
			buildSettings = {
				ALWAYS_SEARCH_USER_PATHS = NO;
				ASSETCATALOG_COMPILER_GENERATE_SWIFT_ASSET_SYMBOL_EXTENSIONS = YES;
				CLANG_ANALYZER_NONNULL = YES;
				CLANG_ANALYZER_NUMBER_OBJECT_CONVERSION = YES_AGGRESSIVE;
				CLANG_CXX_LANGUAGE_STANDARD = "gnu++20";
				CLANG_ENABLE_MODULES = YES;
				CLANG_ENABLE_OBJC_ARC = YES;
				CLANG_ENABLE_OBJC_WEAK = YES;
				CLANG_WARN_BLOCK_CAPTURE_AUTORELEASING = YES;
				CLANG_WARN_BOOL_CONVERSION = YES;
				CLANG_WARN_COMMA = YES;
				CLANG_WARN_CONSTANT_CONVERSION = YES;
				CLANG_WARN_DEPRECATED_OBJC_IMPLEMENTATIONS = YES;
				CLANG_WARN_DIRECT_OBJC_ISA_USAGE = YES_ERROR;
				CLANG_WARN_DOCUMENTATION_COMMENTS = YES;
				CLANG_WARN_EMPTY_BODY = YES;
				CLANG_WARN_ENUM_CONVERSION = YES;
				CLANG_WARN_INFINITE_RECURSION = YES;
				CLANG_WARN_INT_CONVERSION = YES;
				CLANG_WARN_NON_LITERAL_NULL_CONVERSION = YES;
				CLANG_WARN_OBJC_IMPLICIT_RETAIN_SELF = YES;
				CLANG_WARN_OBJC_LITERAL_CONVERSION = YES;
				CLANG_WARN_OBJC_ROOT_CLASS = YES_ERROR;
				CLANG_WARN_QUOTED_INCLUDE_IN_FRAMEWORK_HEADER = YES;
				CLANG_WARN_RANGE_LOOP_ANALYSIS = YES;
				CLANG_WARN_STRICT_PROTOTYPES = YES;
				CLANG_WARN_SUSPICIOUS_MOVE = YES;
				CLANG_WARN_UNGUARDED_AVAILABILITY = YES_AGGRESSIVE;
				CLANG_WARN_UNREACHABLE_CODE = YES;
				CLANG_WARN__DUPLICATE_METHOD_MATCH = YES;
				COPY_PHASE_STRIP = NO;
				DEBUG_INFORMATION_FORMAT = dwarf;
				ENABLE_STRICT_OBJC_MSGSEND = YES;
				ENABLE_TESTABILITY = YES;
				ENABLE_USER_SCRIPT_SANDBOXING = YES;
				GCC_C_LANGUAGE_STANDARD = gnu17;
				GCC_DYNAMIC_NO_PIC = NO;
				GCC_NO_COMMON_BLOCKS = YES;
				GCC_OPTIMIZATION_LEVEL = 0;
				GCC_PREPROCESSOR_DEFINITIONS = (
					"DEBUG=1",
					"$(inherited)",
				);
				GCC_WARN_64_TO_32_BIT_CONVERSION = YES;
				GCC_WARN_ABOUT_RETURN_TYPE = YES_ERROR;
				GCC_WARN_UNDECLARED_SELECTOR = YES;
				GCC_WARN_UNINITIALIZED_AUTOS = YES_AGGRESSIVE;
				GCC_WARN_UNUSED_FUNCTION = YES;
				GCC_WARN_UNUSED_VARIABLE = YES;
				MACOSX_DEPLOYMENT_TARGET = 13.0;
				MTL_ENABLE_DEBUG_INFO = INCLUDE_SOURCE;
				MTL_FAST_MATH = YES;
				ONLY_ACTIVE_ARCH = YES;
				SDKROOT = macosx;
				SWIFT_ACTIVE_COMPILATION_CONDITIONS = "DEBUG $(inherited)";
				SWIFT_OPTIMIZATION_LEVEL = "-Onone";
			};
			name = Debug;
		};
		E912345F0002 /* Release */ = {
			isa = XCBuildConfiguration;
			buildSettings = {
				ALWAYS_SEARCH_USER_PATHS = NO;
				ASSETCATALOG_COMPILER_GENERATE_SWIFT_ASSET_SYMBOL_EXTENSIONS = YES;
				CLANG_ANALYZER_NONNULL = YES;
				CLANG_ANALYZER_NUMBER_OBJECT_CONVERSION = YES_AGGRESSIVE;
				CLANG_CXX_LANGUAGE_STANDARD = "gnu++20";
				CLANG_ENABLE_MODULES = YES;
				CLANG_ENABLE_OBJC_ARC = YES;
				CLANG_ENABLE_OBJC_WEAK = YES;
				CLANG_WARN_BLOCK_CAPTURE_AUTORELEASING = YES;
				CLANG_WARN_BOOL_CONVERSION = YES;
				CLANG_WARN_COMMA = YES;
				CLANG_WARN_CONSTANT_CONVERSION = YES;
				CLANG_WARN_DEPRECATED_OBJC_IMPLEMENTATIONS = YES;
				CLANG_WARN_DIRECT_OBJC_ISA_USAGE = YES_ERROR;
				CLANG_WARN_DOCUMENTATION_COMMENTS = YES;
				CLANG_WARN_EMPTY_BODY = YES;
				CLANG_WARN_ENUM_CONVERSION = YES;
				CLANG_WARN_INFINITE_RECURSION = YES;
				CLANG_WARN_INT_CONVERSION = YES;
				CLANG_WARN_NON_LITERAL_NULL_CONVERSION = YES;
				CLANG_WARN_OBJC_IMPLICIT_RETAIN_SELF = YES;
				CLANG_WARN_OBJC_LITERAL_CONVERSION = YES;
				CLANG_WARN_OBJC_ROOT_CLASS = YES_ERROR;
				CLANG_WARN_QUOTED_INCLUDE_IN_FRAMEWORK_HEADER = YES;
				CLANG_WARN_RANGE_LOOP_ANALYSIS = YES;
				CLANG_WARN_STRICT_PROTOTYPES = YES;
				CLANG_WARN_SUSPICIOUS_MOVE = YES;
				CLANG_WARN_UNGUARDED_AVAILABILITY = YES_AGGRESSIVE;
				CLANG_WARN_UNREACHABLE_CODE = YES;
				CLANG_WARN__DUPLICATE_METHOD_MATCH = YES;
				COPY_PHASE_STRIP = NO;
				DEBUG_INFORMATION_FORMAT = "dwarf-with-dsym";
				ENABLE_NS_ASSERTIONS = NO;
				ENABLE_STRICT_OBJC_MSGSEND = YES;
				ENABLE_USER_SCRIPT_SANDBOXING = YES;
				GCC_C_LANGUAGE_STANDARD = gnu17;
				GCC_NO_COMMON_BLOCKS = YES;
				GCC_WARN_64_TO_32_BIT_CONVERSION = YES;
				GCC_WARN_ABOUT_RETURN_TYPE = YES_ERROR;
				GCC_WARN_UNDECLARED_SELECTOR = YES;
				GCC_WARN_UNINITIALIZED_AUTOS = YES_AGGRESSIVE;
				GCC_WARN_UNUSED_FUNCTION = YES;
				GCC_WARN_UNUSED_VARIABLE = YES;
				MACOSX_DEPLOYMENT_TARGET = 13.0;
				MTL_ENABLE_DEBUG_INFO = NO;
				MTL_FAST_MATH = YES;
				SDKROOT = macosx;
				SWIFT_COMPILATION_MODE = wholemodule;
			};
			name = Release;
		};
		E91234600001 /* Debug */ = {
			isa = XCBuildConfiguration;
			buildSettings = {
				ASSETCATALOG_COMPILER_APPICON_NAME = AppIcon;
				ASSETCATALOG_COMPILER_GLOBAL_ACCENT_COLOR_NAME = AccentColor;
				CODE_SIGN_STYLE = Automatic;
				COMBINE_HIDPI_IMAGES = YES;
				CURRENT_PROJECT_VERSION = 1;
				GENERATE_INFOPLIST_FILE = YES;
				INFOPLIST_FILE = TimeAnnouncer/Info.plist;
				INFOPLIST_KEY_LSUIElement = YES;
				INFOPLIST_KEY_NSHumanReadableCopyright = "Copyright © 2025. All rights reserved.";
				INFOPLIST_KEY_NSPrincipalClass = NSApplication;
				LD_RUNPATH_SEARCH_PATHS = (
					"$(inherited)",
					"@executable_path/../Frameworks",
				);
				MARKETING_VERSION = 1.0;
				PRODUCT_BUNDLE_IDENTIFIER = com.timeannouncer.app;
				PRODUCT_NAME = "$(TARGET_NAME)";
				SWIFT_EMIT_LOC_STRINGS = YES;
				SWIFT_VERSION = 5.0;
			};
			name = Debug;
		};
		E91234600002 /* Release */ = {
			isa = XCBuildConfiguration;
			buildSettings = {
				ASSETCATALOG_COMPILER_APPICON_NAME = AppIcon;
				ASSETCATALOG_COMPILER_GLOBAL_ACCENT_COLOR_NAME = AccentColor;
				CODE_SIGN_STYLE = Automatic;
				COMBINE_HIDPI_IMAGES = YES;
				CURRENT_PROJECT_VERSION = 1;
				GENERATE_INFOPLIST_FILE = YES;
				INFOPLIST_FILE = TimeAnnouncer/Info.plist;
				INFOPLIST_KEY_LSUIElement = YES;
				INFOPLIST_KEY_NSHumanReadableCopyright = "Copyright © 2025. All rights reserved.";
				INFOPLIST_KEY_NSPrincipalClass = NSApplication;
				LD_RUNPATH_SEARCH_PATHS = (
					"$(inherited)",
					"@executable_path/../Frameworks",
				);
				MARKETING_VERSION = 1.0;
				PRODUCT_BUNDLE_IDENTIFIER = com.timeannouncer.app;
				PRODUCT_NAME = "$(TARGET_NAME)";
				SWIFT_EMIT_LOC_STRINGS = YES;
				SWIFT_VERSION = 5.0;
			};
			name = Release;
		};
		E91234600003 /* Debug */ = {
			isa = XCBuildConfiguration;
			buildSettings = {
				BUNDLE_LOADER = "$(TEST_HOST)";
				CODE_SIGN_STYLE = Automatic;
				GENERATE_INFOPLIST_FILE = YES;
				LD_RUNPATH_SEARCH_PATHS = (
					"$(inherited)",
					"@executable_path/../Frameworks",
					"@loader_path/../Frameworks",
				);
				MACOSX_DEPLOYMENT_TARGET = 14.0;
				PRODUCT_BUNDLE_IDENTIFIER = com.timeannouncer.app.tests;
				PRODUCT_NAME = "$(TARGET_NAME)";
				SWIFT_EMIT_LOC_STRINGS = NO;
				SWIFT_VERSION = 5.0;
				TEST_HOST = "$(BUILT_PRODUCTS_DIR)/TimeAnnouncer.app/Contents/MacOS/TimeAnnouncer";
			};
			name = Debug;
		};
		E91234600004 /* Release */ = {
			isa = XCBuildConfiguration;
			buildSettings = {
				BUNDLE_LOADER = "$(TEST_HOST)";
				CODE_SIGN_STYLE = Automatic;
				GENERATE_INFOPLIST_FILE = YES;
				LD_RUNPATH_SEARCH_PATHS = (
					"$(inherited)",
					"@executable_path/../Frameworks",
					"@loader_path/../Frameworks",
				);
				MACOSX_DEPLOYMENT_TARGET = 14.0;
				PRODUCT_BUNDLE_IDENTIFIER = com.timeannouncer.app.tests;
				PRODUCT_NAME = "$(TARGET_NAME)";
				SWIFT_EMIT_LOC_STRINGS = NO;
				SWIFT_VERSION = 5.0;
				TEST_HOST = "$(BUILT_PRODUCTS_DIR)/TimeAnnouncer.app/Contents/MacOS/TimeAnnouncer";
			};
			name = Release;
		};
/* End XCBuildConfiguration section */

/* Begin XCConfigurationList section */
		E912345A0001 /* Build configuration list for PBXNativeTarget "TimeAnnouncer" */ = {
			isa = XCConfigurationList;
			buildConfigurations = (
				E91234600001 /* Debug */,
				E91234600002 /* Release */,
			);
			defaultConfigurationIsVisible = 0;
			defaultConfigurationName = Release;
		};
		E912345A0002 /* Build configuration list for PBXNativeTarget "TimeAnnouncerTests" */ = {
			isa = XCConfigurationList;
			buildConfigurations = (
				E91234600003 /* Debug */,
				E91234600004 /* Release */,
			);
			defaultConfigurationIsVisible = 0;
			defaultConfigurationName = Release;
		};
		E912345E0001 /* Build configuration list for PBXProject "TimeAnnouncer" */ = {
			isa = XCConfigurationList;
			buildConfigurations = (
				E912345F0001 /* Debug */,
				E912345F0002 /* Release */,
			);
			defaultConfigurationIsVisible = 0;
			defaultConfigurationName = Release;
		};
/* End XCConfigurationList section */

	};
	rootObject = E912345D0001 /* Project object */;
}
